
Microsoft Visual Studio Solution File, Format Version 12.00
# Visual Studio Version 16
VisualStudioVersion = 16.0.30523.141
MinimumVisualStudioVersion = 10.0.40219.1
Project("{9A19103F-16F7-4668-BE54-9A1E7A4F7556}") = "DacPacApiExample", "DacPacApiExample.csproj", "{FC5D69B4-614F-4C33-AD85-2354FFA27F73}"
EndProject
Project("{E53339B2-1760-4266-BCC7-CA923CBCF16C}") = "docker-compose", "docker-compose.dcproj", "{6D4A9004-AAF4-441E-A793-B32EBD25413E}"
EndProject
Global
	GlobalSection(SolutionConfigurationPlatforms) = preSolution
		Debug|Any CPU = Debug|Any CPU
		Release|Any CPU = Release|Any CPU
	EndGlobalSection
	GlobalSection(ProjectConfigurationPlatforms) = postSolution
		{FC5D69B4-614F-4C33-AD85-2354FFA27F73}.Debug|Any CPU.ActiveCfg = Debug|Any CPU
		{FC5D69B4-614F-4C33-AD85-2354FFA27F73}.Debug|Any CPU.Build.0 = Debug|Any CPU
		{FC5D69B4-614F-4C33-AD85-2354FFA27F73}.Release|Any CPU.ActiveCfg = Release|Any CPU
		{FC5D69B4-614F-4C33-AD85-2354FFA27F73}.Release|Any CPU.Build.0 = Release|Any CPU
		{6D4A9004-AAF4-441E-A793-B32EBD25413E}.Debug|Any CPU.ActiveCfg = Debug|Any CPU
		{6D4A9004-AAF4-441E-A793-B32EBD25413E}.Debug|Any CPU.Build.0 = Debug|Any CPU
		{6D4A9004-AAF4-441E-A793-B32EBD25413E}.Release|Any CPU.ActiveCfg = Release|Any CPU
		{6D4A9004-AAF4-441E-A793-B32EBD25413E}.Release|Any CPU.Build.0 = Release|Any CPU
	EndGlobalSection
	GlobalSection(SolutionProperties) = preSolution
		HideSolutionNode = FALSE
	EndGlobalSection
	GlobalSection(ExtensibilityGlobals) = postSolution
		SolutionGuid = {199DB56E-C239-4454-B46D-7549085928CC}
	EndGlobalSection
EndGlobal
