
Microsoft Visual Studio Solution File, Format Version 12.00
# Visual Studio Version 16
VisualStudioVersion = 16.0.30523.141
MinimumVisualStudioVersion = 10.0.40219.1
Project("{00D1A9C2-B5F0-4AF3-8072-F6C62B433612}") = "DavPacExampleDatabase", "DavPacExampleDatabase.sqlproj", "{950E3332-316F-49A6-B1C4-D15F2D6DEBB4}"
EndProject
Global
	GlobalSection(SolutionConfigurationPlatforms) = preSolution
		Debug|Any CPU = Debug|Any CPU
		Release|Any CPU = Release|Any CPU
	EndGlobalSection
	GlobalSection(ProjectConfigurationPlatforms) = postSolution
		{950E3332-316F-49A6-B1C4-D15F2D6DEBB4}.Debug|Any CPU.ActiveCfg = Debug|Any CPU
		{950E3332-316F-49A6-B1C4-D15F2D6DEBB4}.Debug|Any CPU.Build.0 = Debug|Any CPU
		{950E3332-316F-49A6-B1C4-D15F2D6DEBB4}.Debug|Any CPU.Deploy.0 = Debug|Any CPU
		{950E3332-316F-49A6-B1C4-D15F2D6DEBB4}.Release|Any CPU.ActiveCfg = Release|Any CPU
		{950E3332-316F-49A6-B1C4-D15F2D6DEBB4}.Release|Any CPU.Build.0 = Release|Any CPU
		{950E3332-316F-49A6-B1C4-D15F2D6DEBB4}.Release|Any CPU.Deploy.0 = Release|Any CPU
	EndGlobalSection
	GlobalSection(SolutionProperties) = preSolution
		HideSolutionNode = FALSE
	EndGlobalSection
	GlobalSection(ExtensibilityGlobals) = postSolution
		SolutionGuid = {B4BFA1C2-4F23-4D65-ADDB-9C691A3AAB18}
	EndGlobalSection
EndGlobal
