
Microsoft Visual Studio Solution File, Format Version 12.00
# Visual Studio Version 16
VisualStudioVersion = 16.0.30523.141
MinimumVisualStudioVersion = 10.0.40219.1
Project("{FAE04EC0-301F-11D3-BF4B-00C04F79EFBC}") = "ApiSQLContainer", "ApiSQLContainer.csproj", "{7A882897-959C-4428-B8D4-BCE9EFB89B91}"
EndProject
Project("{E53339B2-1760-4266-BCC7-CA923CBCF16C}") = "docker-compose", "docker-compose.dcproj", "{838C511C-E6DB-4059-92ED-AD12FDC7C264}"
EndProject
Global
	GlobalSection(SolutionConfigurationPlatforms) = preSolution
		Debug|Any CPU = Debug|Any CPU
		Release|Any CPU = Release|Any CPU
	EndGlobalSection
	GlobalSection(ProjectConfigurationPlatforms) = postSolution
		{7A882897-959C-4428-B8D4-BCE9EFB89B91}.Debug|Any CPU.ActiveCfg = Debug|Any CPU
		{7A882897-959C-4428-B8D4-BCE9EFB89B91}.Debug|Any CPU.Build.0 = Debug|Any CPU
		{7A882897-959C-4428-B8D4-BCE9EFB89B91}.Release|Any CPU.ActiveCfg = Release|Any CPU
		{7A882897-959C-4428-B8D4-BCE9EFB89B91}.Release|Any CPU.Build.0 = Release|Any CPU
		{838C511C-E6DB-4059-92ED-AD12FDC7C264}.Debug|Any CPU.ActiveCfg = Debug|Any CPU
		{838C511C-E6DB-4059-92ED-AD12FDC7C264}.Debug|Any CPU.Build.0 = Debug|Any CPU
		{838C511C-E6DB-4059-92ED-AD12FDC7C264}.Release|Any CPU.ActiveCfg = Release|Any CPU
		{838C511C-E6DB-4059-92ED-AD12FDC7C264}.Release|Any CPU.Build.0 = Release|Any CPU
	EndGlobalSection
	GlobalSection(SolutionProperties) = preSolution
		HideSolutionNode = FALSE
	EndGlobalSection
	GlobalSection(ExtensibilityGlobals) = postSolution
		SolutionGuid = {881CE1DD-4EF8-4312-92E6-46CCDBAC43C8}
	EndGlobalSection
EndGlobal
